
Microsoft Visual Studio Solution File, Format Version 12.00
# Visual Studio Version 17
VisualStudioVersion = 17.4.33122.133
MinimumVisualStudioVersion = 10.0.40219.1
Project("{FAE04EC0-301F-11D3-BF4B-00C04F79EFBC}") = "Devadmin", "Devadmin\Devadmin.csproj", "{BBB333B3-3645-4210-85E4-D422C496A806}"
EndProject
Global
	GlobalSection(SolutionConfigurationPlatforms) = preSolution
		Debug|Any CPU = Debug|Any CPU
		Release|Any CPU = Release|Any CPU
	EndGlobalSection
	GlobalSection(ProjectConfigurationPlatforms) = postSolution
		{BBB333B3-3645-4210-85E4-D422C496A806}.Debug|Any CPU.ActiveCfg = Debug|Any CPU
		{BBB333B3-3645-4210-85E4-D422C496A806}.Debug|Any CPU.Build.0 = Debug|Any CPU
		{BBB333B3-3645-4210-85E4-D422C496A806}.Release|Any CPU.ActiveCfg = Release|Any CPU
		{BBB333B3-3645-4210-85E4-D422C496A806}.Release|Any CPU.Build.0 = Release|Any CPU
	EndGlobalSection
	GlobalSection(SolutionProperties) = preSolution
		HideSolutionNode = FALSE
	EndGlobalSection
	GlobalSection(ExtensibilityGlobals) = postSolution
		SolutionGuid = {BE3F8192-A66B-4A89-BA3F-4BEA83297E14}
	EndGlobalSection
EndGlobal
